// !$*UTF8*$!
{
	archiveVersion = 1;
	classes = {
	};
	objectVersion = 46;
	objects = {

/* Begin PBXBuildFile section */
		C6378C7DED342C1CC0E228CE /* Pods_GitHubBySwift.framework in Frameworks */ = {isa = PBXBuildFile; fileRef = 4938F5B6DFC8C8757C5DDC16 /* Pods_GitHubBySwift.framework */; };
		E51556B21F5E42F100B71332 /* ViewController.swift in Sources */ = {isa = PBXBuildFile; fileRef = E51556B11F5E42F100B71332 /* ViewController.swift */; };
		E51556B51F5E42F100B71332 /* Main.storyboard in Resources */ = {isa = PBXBuildFile; fileRef = E51556B31F5E42F100B71332 /* Main.storyboard */; };
		E51556B71F5E42F100B71332 /* Assets.xcassets in Resources */ = {isa = PBXBuildFile; fileRef = E51556B61F5E42F100B71332 /* Assets.xcassets */; };
		E51556BA1F5E42F100B71332 /* LaunchScreen.storyboard in Resources */ = {isa = PBXBuildFile; fileRef = E51556B81F5E42F100B71332 /* LaunchScreen.storyboard */; };
		E51556C51F5E42F100B71332 /* GitHubBySwiftTests.swift in Sources */ = {isa = PBXBuildFile; fileRef = E51556C41F5E42F100B71332 /* GitHubBySwiftTests.swift */; };
		E51556D81F5E444F00B71332 /* AppDelegate.swift in Sources */ = {isa = PBXBuildFile; fileRef = E51556D71F5E444F00B71332 /* AppDelegate.swift */; };
		E51556DC1F5E44B100B71332 /* BaseNavigationController.swift in Sources */ = {isa = PBXBuildFile; fileRef = E51556DA1F5E44B100B71332 /* BaseNavigationController.swift */; };
		E51556DE1F5E44E900B71332 /* UIColor-Extension.swift in Sources */ = {isa = PBXBuildFile; fileRef = E51556DD1F5E44E900B71332 /* UIColor-Extension.swift */; };
		E51556E61F5E497D00B71332 /* LauncherController.swift in Sources */ = {isa = PBXBuildFile; fileRef = E51556E41F5E497D00B71332 /* LauncherController.swift */; };
		E51556E71F5E497D00B71332 /* LauncherController.xib in Resources */ = {isa = PBXBuildFile; fileRef = E51556E51F5E497D00B71332 /* LauncherController.xib */; };
		E51556EA1F5E4AB800B71332 /* MainController.swift in Sources */ = {isa = PBXBuildFile; fileRef = E51556E81F5E4AB800B71332 /* MainController.swift */; };
		E51556EE1F5E4AC700B71332 /* HomeController.swift in Sources */ = {isa = PBXBuildFile; fileRef = E51556EC1F5E4AC700B71332 /* HomeController.swift */; };
		E51556EF1F5E4AC700B71332 /* HomeController.xib in Resources */ = {isa = PBXBuildFile; fileRef = E51556ED1F5E4AC700B71332 /* HomeController.xib */; };
		E51556F21F5E4AD400B71332 /* MeController.swift in Sources */ = {isa = PBXBuildFile; fileRef = E51556F01F5E4AD400B71332 /* MeController.swift */; };
		E51556F31F5E4AD400B71332 /* MeController.xib in Resources */ = {isa = PBXBuildFile; fileRef = E51556F11F5E4AD400B71332 /* MeController.xib */; };
		E51556F51F5E500300B71332 /* HomePresenter.swift in Sources */ = {isa = PBXBuildFile; fileRef = E51556F41F5E500300B71332 /* HomePresenter.swift */; };
		E51556F81F5E502C00B71332 /* Repository.swift in Sources */ = {isa = PBXBuildFile; fileRef = E51556F61F5E502C00B71332 /* Repository.swift */; };
		E51556F91F5E502C00B71332 /* Owner.swift in Sources */ = {isa = PBXBuildFile; fileRef = E51556F71F5E502C00B71332 /* Owner.swift */; };
		E51556FF1F5E712700B71332 /* AppService.swift in Sources */ = {isa = PBXBuildFile; fileRef = E51556FE1F5E712700B71332 /* AppService.swift */; };
		E51557011F5E814000B71332 /* Observable+Extension.swift in Sources */ = {isa = PBXBuildFile; fileRef = E51557001F5E814000B71332 /* Observable+Extension.swift */; };
		E51557031F5E85F000B71332 /* Observable+ObjectMapper.swift in Sources */ = {isa = PBXBuildFile; fileRef = E51557021F5E85F000B71332 /* Observable+ObjectMapper.swift */; };
		E586A5541F5EA7C900A74184 /* LoadingView.xib in Resources */ = {isa = PBXBuildFile; fileRef = E586A5521F5EA7C900A74184 /* LoadingView.xib */; };
		E586A5551F5EA7C900A74184 /* LoadingView.swift in Sources */ = {isa = PBXBuildFile; fileRef = E586A5531F5EA7C900A74184 /* LoadingView.swift */; };
		E586A5571F5EA7E300A74184 /* loading.gif in Resources */ = {isa = PBXBuildFile; fileRef = E586A5561F5EA7E300A74184 /* loading.gif */; };
		E586A55E1F5EB5F800A74184 /* HomeCell.swift in Sources */ = {isa = PBXBuildFile; fileRef = E586A55C1F5EB5F800A74184 /* HomeCell.swift */; };
		E586A55F1F5EB5F800A74184 /* HomeCell.xib in Resources */ = {isa = PBXBuildFile; fileRef = E586A55D1F5EB5F800A74184 /* HomeCell.xib */; };
		E5D93BC21F60E87900294D01 /* WebViewController.swift in Sources */ = {isa = PBXBuildFile; fileRef = E5D93BC01F60E87900294D01 /* WebViewController.swift */; };
		E5D93BC31F60E87900294D01 /* WebViewController.xib in Resources */ = {isa = PBXBuildFile; fileRef = E5D93BC11F60E87900294D01 /* WebViewController.xib */; };
		E5D93BC51F611B5D00294D01 /* BaseViewController.swift in Sources */ = {isa = PBXBuildFile; fileRef = E5D93BC41F611B5D00294D01 /* BaseViewController.swift */; };
		E5D93BC71F611C5100294D01 /* UINavigationBar-Extension.swift in Sources */ = {isa = PBXBuildFile; fileRef = E5D93BC61F611C5100294D01 /* UINavigationBar-Extension.swift */; };
		E5D93BCB1F6124AB00294D01 /* WRCycleCell.swift in Sources */ = {isa = PBXBuildFile; fileRef = E5D93BC81F6124AB00294D01 /* WRCycleCell.swift */; };
		E5D93BCC1F6124AB00294D01 /* WRCycleScrollView.swift in Sources */ = {isa = PBXBuildFile; fileRef = E5D93BC91F6124AB00294D01 /* WRCycleScrollView.swift */; };
		E5D93BCD1F6124AB00294D01 /* WRProxy.swift in Sources */ = {isa = PBXBuildFile; fileRef = E5D93BCA1F6124AB00294D01 /* WRProxy.swift */; };
/* End PBXBuildFile section */

/* Begin PBXContainerItemProxy section */
		E51556C11F5E42F100B71332 /* PBXContainerItemProxy */ = {
			isa = PBXContainerItemProxy;
			containerPortal = E51556A41F5E42F100B71332 /* Project object */;
			proxyType = 1;
			remoteGlobalIDString = E51556AB1F5E42F100B71332;
			remoteInfo = GitHubBySwift;
		};
/* End PBXContainerItemProxy section */

/* Begin PBXFileReference section */
		4938F5B6DFC8C8757C5DDC16 /* Pods_GitHubBySwift.framework */ = {isa = PBXFileReference; explicitFileType = wrapper.framework; includeInIndex = 0; path = Pods_GitHubBySwift.framework; sourceTree = BUILT_PRODUCTS_DIR; };
		663258E93B433D0E2DFB78C4 /* Pods-GitHubBySwift.release.xcconfig */ = {isa = PBXFileReference; includeInIndex = 1; lastKnownFileType = text.xcconfig; name = "Pods-GitHubBySwift.release.xcconfig"; path = "Pods/Target Support Files/Pods-GitHubBySwift/Pods-GitHubBySwift.release.xcconfig"; sourceTree = "<group>"; };
		A6C16AEE1C57DF1FD54703E2 /* Pods-GitHubBySwift.debug.xcconfig */ = {isa = PBXFileReference; includeInIndex = 1; lastKnownFileType = text.xcconfig; name = "Pods-GitHubBySwift.debug.xcconfig"; path = "Pods/Target Support Files/Pods-GitHubBySwift/Pods-GitHubBySwift.debug.xcconfig"; sourceTree = "<group>"; };
		E51556AC1F5E42F100B71332 /* GitHubBySwift.app */ = {isa = PBXFileReference; explicitFileType = wrapper.application; includeInIndex = 0; path = GitHubBySwift.app; sourceTree = BUILT_PRODUCTS_DIR; };
		E51556B11F5E42F100B71332 /* ViewController.swift */ = {isa = PBXFileReference; lastKnownFileType = sourcecode.swift; path = ViewController.swift; sourceTree = "<group>"; };
		E51556B41F5E42F100B71332 /* Base */ = {isa = PBXFileReference; lastKnownFileType = file.storyboard; name = Base; path = Base.lproj/Main.storyboard; sourceTree = "<group>"; };
		E51556B61F5E42F100B71332 /* Assets.xcassets */ = {isa = PBXFileReference; lastKnownFileType = folder.assetcatalog; path = Assets.xcassets; sourceTree = "<group>"; };
		E51556B91F5E42F100B71332 /* Base */ = {isa = PBXFileReference; lastKnownFileType = file.storyboard; name = Base; path = Base.lproj/LaunchScreen.storyboard; sourceTree = "<group>"; };
		E51556BB1F5E42F100B71332 /* Info.plist */ = {isa = PBXFileReference; lastKnownFileType = text.plist.xml; path = Info.plist; sourceTree = "<group>"; };
		E51556C01F5E42F100B71332 /* GitHubBySwiftTests.xctest */ = {isa = PBXFileReference; explicitFileType = wrapper.cfbundle; includeInIndex = 0; path = GitHubBySwiftTests.xctest; sourceTree = BUILT_PRODUCTS_DIR; };
		E51556C41F5E42F100B71332 /* GitHubBySwiftTests.swift */ = {isa = PBXFileReference; lastKnownFileType = sourcecode.swift; path = GitHubBySwiftTests.swift; sourceTree = "<group>"; };
		E51556C61F5E42F100B71332 /* Info.plist */ = {isa = PBXFileReference; lastKnownFileType = text.plist.xml; path = Info.plist; sourceTree = "<group>"; };
		E51556D71F5E444F00B71332 /* AppDelegate.swift */ = {isa = PBXFileReference; fileEncoding = 4; lastKnownFileType = sourcecode.swift; path = AppDelegate.swift; sourceTree = "<group>"; };
		E51556DA1F5E44B100B71332 /* BaseNavigationController.swift */ = {isa = PBXFileReference; fileEncoding = 4; lastKnownFileType = sourcecode.swift; path = BaseNavigationController.swift; sourceTree = "<group>"; };
		E51556DD1F5E44E900B71332 /* UIColor-Extension.swift */ = {isa = PBXFileReference; fileEncoding = 4; lastKnownFileType = sourcecode.swift; path = "UIColor-Extension.swift"; sourceTree = "<group>"; };
		E51556E41F5E497D00B71332 /* LauncherController.swift */ = {isa = PBXFileReference; fileEncoding = 4; lastKnownFileType = sourcecode.swift; path = LauncherController.swift; sourceTree = "<group>"; };
		E51556E51F5E497D00B71332 /* LauncherController.xib */ = {isa = PBXFileReference; fileEncoding = 4; lastKnownFileType = file.xib; path = LauncherController.xib; sourceTree = "<group>"; };
		E51556E81F5E4AB800B71332 /* MainController.swift */ = {isa = PBXFileReference; fileEncoding = 4; lastKnownFileType = sourcecode.swift; path = MainController.swift; sourceTree = "<group>"; };
		E51556EC1F5E4AC700B71332 /* HomeController.swift */ = {isa = PBXFileReference; fileEncoding = 4; lastKnownFileType = sourcecode.swift; path = HomeController.swift; sourceTree = "<group>"; };
		E51556ED1F5E4AC700B71332 /* HomeController.xib */ = {isa = PBXFileReference; fileEncoding = 4; lastKnownFileType = file.xib; path = HomeController.xib; sourceTree = "<group>"; };
		E51556F01F5E4AD400B71332 /* MeController.swift */ = {isa = PBXFileReference; fileEncoding = 4; lastKnownFileType = sourcecode.swift; path = MeController.swift; sourceTree = "<group>"; };
		E51556F11F5E4AD400B71332 /* MeController.xib */ = {isa = PBXFileReference; fileEncoding = 4; lastKnownFileType = file.xib; path = MeController.xib; sourceTree = "<group>"; };
		E51556F41F5E500300B71332 /* HomePresenter.swift */ = {isa = PBXFileReference; fileEncoding = 4; lastKnownFileType = sourcecode.swift; path = HomePresenter.swift; sourceTree = "<group>"; };
		E51556F61F5E502C00B71332 /* Repository.swift */ = {isa = PBXFileReference; fileEncoding = 4; lastKnownFileType = sourcecode.swift; path = Repository.swift; sourceTree = "<group>"; };
		E51556F71F5E502C00B71332 /* Owner.swift */ = {isa = PBXFileReference; fileEncoding = 4; lastKnownFileType = sourcecode.swift; path = Owner.swift; sourceTree = "<group>"; };
		E51556FE1F5E712700B71332 /* AppService.swift */ = {isa = PBXFileReference; fileEncoding = 4; lastKnownFileType = sourcecode.swift; path = AppService.swift; sourceTree = "<group>"; };
		E51557001F5E814000B71332 /* Observable+Extension.swift */ = {isa = PBXFileReference; fileEncoding = 4; lastKnownFileType = sourcecode.swift; path = "Observable+Extension.swift"; sourceTree = "<group>"; };
		E51557021F5E85F000B71332 /* Observable+ObjectMapper.swift */ = {isa = PBXFileReference; fileEncoding = 4; lastKnownFileType = sourcecode.swift; path = "Observable+ObjectMapper.swift"; sourceTree = "<group>"; };
		E586A5521F5EA7C900A74184 /* LoadingView.xib */ = {isa = PBXFileReference; fileEncoding = 4; lastKnownFileType = file.xib; path = LoadingView.xib; sourceTree = "<group>"; };
		E586A5531F5EA7C900A74184 /* LoadingView.swift */ = {isa = PBXFileReference; fileEncoding = 4; lastKnownFileType = sourcecode.swift; path = LoadingView.swift; sourceTree = "<group>"; };
		E586A5561F5EA7E300A74184 /* loading.gif */ = {isa = PBXFileReference; lastKnownFileType = image.gif; path = loading.gif; sourceTree = "<group>"; };
		E586A55C1F5EB5F800A74184 /* HomeCell.swift */ = {isa = PBXFileReference; fileEncoding = 4; lastKnownFileType = sourcecode.swift; path = HomeCell.swift; sourceTree = "<group>"; };
		E586A55D1F5EB5F800A74184 /* HomeCell.xib */ = {isa = PBXFileReference; fileEncoding = 4; lastKnownFileType = file.xib; path = HomeCell.xib; sourceTree = "<group>"; };
		E5D93BC01F60E87900294D01 /* WebViewController.swift */ = {isa = PBXFileReference; fileEncoding = 4; lastKnownFileType = sourcecode.swift; path = WebViewController.swift; sourceTree = "<group>"; };
		E5D93BC11F60E87900294D01 /* WebViewController.xib */ = {isa = PBXFileReference; fileEncoding = 4; lastKnownFileType = file.xib; path = WebViewController.xib; sourceTree = "<group>"; };
		E5D93BC41F611B5D00294D01 /* BaseViewController.swift */ = {isa = PBXFileReference; fileEncoding = 4; lastKnownFileType = sourcecode.swift; path = BaseViewController.swift; sourceTree = "<group>"; };
		E5D93BC61F611C5100294D01 /* UINavigationBar-Extension.swift */ = {isa = PBXFileReference; fileEncoding = 4; lastKnownFileType = sourcecode.swift; path = "UINavigationBar-Extension.swift"; sourceTree = "<group>"; };
		E5D93BC81F6124AB00294D01 /* WRCycleCell.swift */ = {isa = PBXFileReference; fileEncoding = 4; lastKnownFileType = sourcecode.swift; path = WRCycleCell.swift; sourceTree = "<group>"; };
		E5D93BC91F6124AB00294D01 /* WRCycleScrollView.swift */ = {isa = PBXFileReference; fileEncoding = 4; lastKnownFileType = sourcecode.swift; path = WRCycleScrollView.swift; sourceTree = "<group>"; };
		E5D93BCA1F6124AB00294D01 /* WRProxy.swift */ = {isa = PBXFileReference; fileEncoding = 4; lastKnownFileType = sourcecode.swift; path = WRProxy.swift; sourceTree = "<group>"; };
/* End PBXFileReference section */

/* Begin PBXFrameworksBuildPhase section */
		E51556A91F5E42F100B71332 /* Frameworks */ = {
			isa = PBXFrameworksBuildPhase;
			buildActionMask = 2147483647;
			files = (
				C6378C7DED342C1CC0E228CE /* Pods_GitHubBySwift.framework in Frameworks */,
			);
			runOnlyForDeploymentPostprocessing = 0;
		};
		E51556BD1F5E42F100B71332 /* Frameworks */ = {
			isa = PBXFrameworksBuildPhase;
			buildActionMask = 2147483647;
			files = (
			);
			runOnlyForDeploymentPostprocessing = 0;
		};
/* End PBXFrameworksBuildPhase section */

/* Begin PBXGroup section */
		7BE59690F96500AFF61696D1 /* Pods */ = {
			isa = PBXGroup;
			children = (
				A6C16AEE1C57DF1FD54703E2 /* Pods-GitHubBySwift.debug.xcconfig */,
				663258E93B433D0E2DFB78C4 /* Pods-GitHubBySwift.release.xcconfig */,
			);
			name = Pods;
			sourceTree = "<group>";
		};
		9D597E152C6589B5B52F63C8 /* Frameworks */ = {
			isa = PBXGroup;
			children = (
				4938F5B6DFC8C8757C5DDC16 /* Pods_GitHubBySwift.framework */,
			);
			name = Frameworks;
			sourceTree = "<group>";
		};
		E51556A31F5E42F100B71332 = {
			isa = PBXGroup;
			children = (
				E51556AE1F5E42F100B71332 /* GitHubBySwift */,
				E51556C31F5E42F100B71332 /* GitHubBySwiftTests */,
				E51556AD1F5E42F100B71332 /* Products */,
				7BE59690F96500AFF61696D1 /* Pods */,
				9D597E152C6589B5B52F63C8 /* Frameworks */,
			);
			sourceTree = "<group>";
		};
		E51556AD1F5E42F100B71332 /* Products */ = {
			isa = PBXGroup;
			children = (
				E51556AC1F5E42F100B71332 /* GitHubBySwift.app */,
				E51556C01F5E42F100B71332 /* GitHubBySwiftTests.xctest */,
			);
			name = Products;
			sourceTree = "<group>";
		};
		E51556AE1F5E42F100B71332 /* GitHubBySwift */ = {
			isa = PBXGroup;
			children = (
				E51556CF1F5E442C00B71332 /* classes */,
				E51556B11F5E42F100B71332 /* ViewController.swift */,
				E51556B31F5E42F100B71332 /* Main.storyboard */,
				E51556B61F5E42F100B71332 /* Assets.xcassets */,
				E51556B81F5E42F100B71332 /* LaunchScreen.storyboard */,
				E51556BB1F5E42F100B71332 /* Info.plist */,
				E586A5561F5EA7E300A74184 /* loading.gif */,
			);
			path = GitHubBySwift;
			sourceTree = "<group>";
		};
		E51556C31F5E42F100B71332 /* GitHubBySwiftTests */ = {
			isa = PBXGroup;
			children = (
				E51556C41F5E42F100B71332 /* GitHubBySwiftTests.swift */,
				E51556C61F5E42F100B71332 /* Info.plist */,
			);
			path = GitHubBySwiftTests;
			sourceTree = "<group>";
		};
		E51556CF1F5E442C00B71332 /* classes */ = {
			isa = PBXGroup;
			children = (
				E51556D01F5E442C00B71332 /* app */,
				E51556D11F5E442C00B71332 /* base */,
				E51556D21F5E442C00B71332 /* extension */,
				E51556D31F5E442C00B71332 /* model */,
				E51556D41F5E442C00B71332 /* presenter */,
				E51556D51F5E442C00B71332 /* ui */,
				E51556D61F5E442C00B71332 /* utils */,
			);
			path = classes;
			sourceTree = "<group>";
		};
		E51556D01F5E442C00B71332 /* app */ = {
			isa = PBXGroup;
			children = (
				E51556D71F5E444F00B71332 /* AppDelegate.swift */,
			);
			path = app;
			sourceTree = "<group>";
		};
		E51556D11F5E442C00B71332 /* base */ = {
			isa = PBXGroup;
			children = (
				E51556DA1F5E44B100B71332 /* BaseNavigationController.swift */,
				E5D93BC41F611B5D00294D01 /* BaseViewController.swift */,
			);
			path = base;
			sourceTree = "<group>";
		};
		E51556D21F5E442C00B71332 /* extension */ = {
			isa = PBXGroup;
			children = (
				E51556DD1F5E44E900B71332 /* UIColor-Extension.swift */,
				E5D93BC61F611C5100294D01 /* UINavigationBar-Extension.swift */,
			);
			path = extension;
			sourceTree = "<group>";
		};
		E51556D31F5E442C00B71332 /* model */ = {
			isa = PBXGroup;
			children = (
				E51556DF1F5E450600B71332 /* bean */,
				E51556E01F5E450600B71332 /* http */,
			);
			path = model;
			sourceTree = "<group>";
		};
		E51556D41F5E442C00B71332 /* presenter */ = {
			isa = PBXGroup;
			children = (
				E51556F41F5E500300B71332 /* HomePresenter.swift */,
			);
			path = presenter;
			sourceTree = "<group>";
		};
		E51556D51F5E442C00B71332 /* ui */ = {
			isa = PBXGroup;
			children = (
				E51556E11F5E457000B71332 /* controller */,
				E51556E21F5E457000B71332 /* cell */,
				E51556E31F5E457000B71332 /* view */,
			);
			path = ui;
			sourceTree = "<group>";
		};
		E51556D61F5E442C00B71332 /* utils */ = {
			isa = PBXGroup;
			children = (
			);
			path = utils;
			sourceTree = "<group>";
		};
		E51556DF1F5E450600B71332 /* bean */ = {
			isa = PBXGroup;
			children = (
				E51556F61F5E502C00B71332 /* Repository.swift */,
				E51556F71F5E502C00B71332 /* Owner.swift */,
			);
			path = bean;
			sourceTree = "<group>";
		};
		E51556E01F5E450600B71332 /* http */ = {
			isa = PBXGroup;
			children = (
				E51557001F5E814000B71332 /* Observable+Extension.swift */,
				E51556FE1F5E712700B71332 /* AppService.swift */,
				E51557021F5E85F000B71332 /* Observable+ObjectMapper.swift */,
			);
			path = http;
			sourceTree = "<group>";
		};
		E51556E11F5E457000B71332 /* controller */ = {
			isa = PBXGroup;
			children = (
				E51556E41F5E497D00B71332 /* LauncherController.swift */,
				E51556E51F5E497D00B71332 /* LauncherController.xib */,
				E51556E81F5E4AB800B71332 /* MainController.swift */,
				E51556EC1F5E4AC700B71332 /* HomeController.swift */,
				E51556ED1F5E4AC700B71332 /* HomeController.xib */,
				E51556F01F5E4AD400B71332 /* MeController.swift */,
				E51556F11F5E4AD400B71332 /* MeController.xib */,
				E5D93BC01F60E87900294D01 /* WebViewController.swift */,
				E5D93BC11F60E87900294D01 /* WebViewController.xib */,
			);
			path = controller;
			sourceTree = "<group>";
		};
		E51556E21F5E457000B71332 /* cell */ = {
			isa = PBXGroup;
			children = (
				E586A55C1F5EB5F800A74184 /* HomeCell.swift */,
				E586A55D1F5EB5F800A74184 /* HomeCell.xib */,
			);
			path = cell;
			sourceTree = "<group>";
		};
		E51556E31F5E457000B71332 /* view */ = {
			isa = PBXGroup;
			children = (
				E5D93BC81F6124AB00294D01 /* WRCycleCell.swift */,
				E5D93BC91F6124AB00294D01 /* WRCycleScrollView.swift */,
				E5D93BCA1F6124AB00294D01 /* WRProxy.swift */,
				E586A5521F5EA7C900A74184 /* LoadingView.xib */,
				E586A5531F5EA7C900A74184 /* LoadingView.swift */,
			);
			path = view;
			sourceTree = "<group>";
		};
/* End PBXGroup section */

/* Begin PBXNativeTarget section */
		E51556AB1F5E42F100B71332 /* GitHubBySwift */ = {
			isa = PBXNativeTarget;
			buildConfigurationList = E51556C91F5E42F100B71332 /* Build configuration list for PBXNativeTarget "GitHubBySwift" */;
			buildPhases = (
				836D5DE5A6B528FAB91A8EDA /* [CP] Check Pods Manifest.lock */,
				E51556A81F5E42F100B71332 /* Sources */,
				E51556A91F5E42F100B71332 /* Frameworks */,
				E51556AA1F5E42F100B71332 /* Resources */,
				23102F95BB15737E12A10428 /* [CP] Embed Pods Frameworks */,
				5A1E1F54DF0D04CB95C42A38 /* [CP] Copy Pods Resources */,
			);
			buildRules = (
			);
			dependencies = (
			);
			name = GitHubBySwift;
			productName = GitHubBySwift;
			productReference = E51556AC1F5E42F100B71332 /* GitHubBySwift.app */;
			productType = "com.apple.product-type.application";
		};
		E51556BF1F5E42F100B71332 /* GitHubBySwiftTests */ = {
			isa = PBXNativeTarget;
			buildConfigurationList = E51556CC1F5E42F100B71332 /* Build configuration list for PBXNativeTarget "GitHubBySwiftTests" */;
			buildPhases = (
				E51556BC1F5E42F100B71332 /* Sources */,
				E51556BD1F5E42F100B71332 /* Frameworks */,
				E51556BE1F5E42F100B71332 /* Resources */,
			);
			buildRules = (
			);
			dependencies = (
				E51556C21F5E42F100B71332 /* PBXTargetDependency */,
			);
			name = GitHubBySwiftTests;
			productName = GitHubBySwiftTests;
			productReference = E51556C01F5E42F100B71332 /* GitHubBySwiftTests.xctest */;
			productType = "com.apple.product-type.bundle.unit-test";
		};
/* End PBXNativeTarget section */

/* Begin PBXProject section */
		E51556A41F5E42F100B71332 /* Project object */ = {
			isa = PBXProject;
			attributes = {
				LastSwiftUpdateCheck = 0830;
				LastUpgradeCheck = 0830;
				ORGANIZATIONNAME = cy;
				TargetAttributes = {
					E51556AB1F5E42F100B71332 = {
						CreatedOnToolsVersion = 8.3.3;
						DevelopmentTeam = 8GMJ7PJ7SC;
						ProvisioningStyle = Automatic;
					};
					E51556BF1F5E42F100B71332 = {
						CreatedOnToolsVersion = 8.3.3;
						DevelopmentTeam = 8GMJ7PJ7SC;
						ProvisioningStyle = Automatic;
						TestTargetID = E51556AB1F5E42F100B71332;
					};
				};
			};
			buildConfigurationList = E51556A71F5E42F100B71332 /* Build configuration list for PBXProject "GitHubBySwift" */;
			compatibilityVersion = "Xcode 3.2";
			developmentRegion = English;
			hasScannedForEncodings = 0;
			knownRegions = (
				en,
				Base,
			);
			mainGroup = E51556A31F5E42F100B71332;
			productRefGroup = E51556AD1F5E42F100B71332 /* Products */;
			projectDirPath = "";
			projectRoot = "";
			targets = (
				E51556AB1F5E42F100B71332 /* GitHubBySwift */,
				E51556BF1F5E42F100B71332 /* GitHubBySwiftTests */,
			);
		};
/* End PBXProject section */

/* Begin PBXResourcesBuildPhase section */
		E51556AA1F5E42F100B71332 /* Resources */ = {
			isa = PBXResourcesBuildPhase;
			buildActionMask = 2147483647;
			files = (
				E586A5541F5EA7C900A74184 /* LoadingView.xib in Resources */,
				E586A55F1F5EB5F800A74184 /* HomeCell.xib in Resources */,
				E51556BA1F5E42F100B71332 /* LaunchScreen.storyboard in Resources */,
				E5D93BC31F60E87900294D01 /* WebViewController.xib in Resources */,
				E51556B71F5E42F100B71332 /* Assets.xcassets in Resources */,
				E51556E71F5E497D00B71332 /* LauncherController.xib in Resources */,
				E51556F31F5E4AD400B71332 /* MeController.xib in Resources */,
				E586A5571F5EA7E300A74184 /* loading.gif in Resources */,
				E51556EF1F5E4AC700B71332 /* HomeController.xib in Resources */,
				E51556B51F5E42F100B71332 /* Main.storyboard in Resources */,
			);
			runOnlyForDeploymentPostprocessing = 0;
		};
		E51556BE1F5E42F100B71332 /* Resources */ = {
			isa = PBXResourcesBuildPhase;
			buildActionMask = 2147483647;
			files = (
			);
			runOnlyForDeploymentPostprocessing = 0;
		};
/* End PBXResourcesBuildPhase section */

/* Begin PBXShellScriptBuildPhase section */
		23102F95BB15737E12A10428 /* [CP] Embed Pods Frameworks */ = {
			isa = PBXShellScriptBuildPhase;
			buildActionMask = 2147483647;
			files = (
			);
			inputPaths = (
				"${SRCROOT}/Pods/Target Support Files/Pods-GitHubBySwift/Pods-GitHubBySwift-frameworks.sh",
				"${BUILT_PRODUCTS_DIR}/Alamofire/Alamofire.framework",
				"${BUILT_PRODUCTS_DIR}/FSPagerView/FSPagerView.framework",
				"${BUILT_PRODUCTS_DIR}/Kingfisher/Kingfisher.framework",
				"${BUILT_PRODUCTS_DIR}/MJRefresh/MJRefresh.framework",
				"${BUILT_PRODUCTS_DIR}/Moya/Moya.framework",
				"${BUILT_PRODUCTS_DIR}/ObjectMapper/ObjectMapper.framework",
				"${BUILT_PRODUCTS_DIR}/Result/Result.framework",
				"${BUILT_PRODUCTS_DIR}/RxCocoa/RxCocoa.framework",
				"${BUILT_PRODUCTS_DIR}/RxSwift/RxSwift.framework",
				"${BUILT_PRODUCTS_DIR}/SDWebImage/SDWebImage.framework",
				"${BUILT_PRODUCTS_DIR}/SVProgressHUD/SVProgressHUD.framework",
				"${BUILT_PRODUCTS_DIR}/SnapKit/SnapKit.framework",
				"${BUILT_PRODUCTS_DIR}/SwiftyGif/SwiftyGif.framework",
			);
			name = "[CP] Embed Pods Frameworks";
			outputPaths = (
				"${TARGET_BUILD_DIR}/${FRAMEWORKS_FOLDER_PATH}/Alamofire.framework",
				"${TARGET_BUILD_DIR}/${FRAMEWORKS_FOLDER_PATH}/FSPagerView.framework",
				"${TARGET_BUILD_DIR}/${FRAMEWORKS_FOLDER_PATH}/Kingfisher.framework",
				"${TARGET_BUILD_DIR}/${FRAMEWORKS_FOLDER_PATH}/MJRefresh.framework",
				"${TARGET_BUILD_DIR}/${FRAMEWORKS_FOLDER_PATH}/Moya.framework",
				"${TARGET_BUILD_DIR}/${FRAMEWORKS_FOLDER_PATH}/ObjectMapper.framework",
				"${TARGET_BUILD_DIR}/${FRAMEWORKS_FOLDER_PATH}/Result.framework",
				"${TARGET_BUILD_DIR}/${FRAMEWORKS_FOLDER_PATH}/RxCocoa.framework",
				"${TARGET_BUILD_DIR}/${FRAMEWORKS_FOLDER_PATH}/RxSwift.framework",
				"${TARGET_BUILD_DIR}/${FRAMEWORKS_FOLDER_PATH}/SDWebImage.framework",
				"${TARGET_BUILD_DIR}/${FRAMEWORKS_FOLDER_PATH}/SVProgressHUD.framework",
				"${TARGET_BUILD_DIR}/${FRAMEWORKS_FOLDER_PATH}/SnapKit.framework",
				"${TARGET_BUILD_DIR}/${FRAMEWORKS_FOLDER_PATH}/SwiftyGif.framework",
			);
			runOnlyForDeploymentPostprocessing = 0;
			shellPath = /bin/sh;
			shellScript = "\"${SRCROOT}/Pods/Target Support Files/Pods-GitHubBySwift/Pods-GitHubBySwift-frameworks.sh\"\n";
			showEnvVarsInLog = 0;
		};
		5A1E1F54DF0D04CB95C42A38 /* [CP] Copy Pods Resources */ = {
			isa = PBXShellScriptBuildPhase;
			buildActionMask = 2147483647;
			files = (
			);
			inputPaths = (
			);
			name = "[CP] Copy Pods Resources";
			outputPaths = (
			);
			runOnlyForDeploymentPostprocessing = 0;
			shellPath = /bin/sh;
			shellScript = "\"${SRCROOT}/Pods/Target Support Files/Pods-GitHubBySwift/Pods-GitHubBySwift-resources.sh\"\n";
			showEnvVarsInLog = 0;
		};
		836D5DE5A6B528FAB91A8EDA /* [CP] Check Pods Manifest.lock */ = {
			isa = PBXShellScriptBuildPhase;
			buildActionMask = 2147483647;
			files = (
			);
			inputPaths = (
				"${PODS_PODFILE_DIR_PATH}/Podfile.lock",
				"${PODS_ROOT}/Manifest.lock",
			);
			name = "[CP] Check Pods Manifest.lock";
			outputPaths = (
				"$(DERIVED_FILE_DIR)/Pods-GitHubBySwift-checkManifestLockResult.txt",
			);
			runOnlyForDeploymentPostprocessing = 0;
			shellPath = /bin/sh;
			shellScript = "diff \"${PODS_PODFILE_DIR_PATH}/Podfile.lock\" \"${PODS_ROOT}/Manifest.lock\" > /dev/null\nif [ $? != 0 ] ; then\n    # print error to STDERR\n    echo \"error: The sandbox is not in sync with the Podfile.lock. Run 'pod install' or update your CocoaPods installation.\" >&2\n    exit 1\nfi\n# This output is used by Xcode 'outputs' to avoid re-running this script phase.\necho \"SUCCESS\" > \"${SCRIPT_OUTPUT_FILE_0}\"\n";
			showEnvVarsInLog = 0;
		};
/* End PBXShellScriptBuildPhase section */

/* Begin PBXSourcesBuildPhase section */
		E51556A81F5E42F100B71332 /* Sources */ = {
			isa = PBXSourcesBuildPhase;
			buildActionMask = 2147483647;
			files = (
				E5D93BCC1F6124AB00294D01 /* WRCycleScrollView.swift in Sources */,
				E51557031F5E85F000B71332 /* Observable+ObjectMapper.swift in Sources */,
				E5D93BC71F611C5100294D01 /* UINavigationBar-Extension.swift in Sources */,
				E5D93BC21F60E87900294D01 /* WebViewController.swift in Sources */,
				E51556F21F5E4AD400B71332 /* MeController.swift in Sources */,
				E51556F91F5E502C00B71332 /* Owner.swift in Sources */,
				E586A5551F5EA7C900A74184 /* LoadingView.swift in Sources */,
				E5D93BC51F611B5D00294D01 /* BaseViewController.swift in Sources */,
				E51556DC1F5E44B100B71332 /* BaseNavigationController.swift in Sources */,
				E51556EA1F5E4AB800B71332 /* MainController.swift in Sources */,
				E5D93BCB1F6124AB00294D01 /* WRCycleCell.swift in Sources */,
				E5D93BCD1F6124AB00294D01 /* WRProxy.swift in Sources */,
				E51556F51F5E500300B71332 /* HomePresenter.swift in Sources */,
				E51556DE1F5E44E900B71332 /* UIColor-Extension.swift in Sources */,
				E51556F81F5E502C00B71332 /* Repository.swift in Sources */,
				E51556E61F5E497D00B71332 /* LauncherController.swift in Sources */,
				E51556FF1F5E712700B71332 /* AppService.swift in Sources */,
				E51556EE1F5E4AC700B71332 /* HomeController.swift in Sources */,
				E51556D81F5E444F00B71332 /* AppDelegate.swift in Sources */,
				E586A55E1F5EB5F800A74184 /* HomeCell.swift in Sources */,
				E51556B21F5E42F100B71332 /* ViewController.swift in Sources */,
				E51557011F5E814000B71332 /* Observable+Extension.swift in Sources */,
			);
			runOnlyForDeploymentPostprocessing = 0;
		};
		E51556BC1F5E42F100B71332 /* Sources */ = {
			isa = PBXSourcesBuildPhase;
			buildActionMask = 2147483647;
			files = (
				E51556C51F5E42F100B71332 /* GitHubBySwiftTests.swift in Sources */,
			);
			runOnlyForDeploymentPostprocessing = 0;
		};
/* End PBXSourcesBuildPhase section */

/* Begin PBXTargetDependency section */
		E51556C21F5E42F100B71332 /* PBXTargetDependency */ = {
			isa = PBXTargetDependency;
			target = E51556AB1F5E42F100B71332 /* GitHubBySwift */;
			targetProxy = E51556C11F5E42F100B71332 /* PBXContainerItemProxy */;
		};
/* End PBXTargetDependency section */

/* Begin PBXVariantGroup section */
		E51556B31F5E42F100B71332 /* Main.storyboard */ = {
			isa = PBXVariantGroup;
			children = (
				E51556B41F5E42F100B71332 /* Base */,
			);
			name = Main.storyboard;
			sourceTree = "<group>";
		};
		E51556B81F5E42F100B71332 /* LaunchScreen.storyboard */ = {
			isa = PBXVariantGroup;
			children = (
				E51556B91F5E42F100B71332 /* Base */,
			);
			name = LaunchScreen.storyboard;
			sourceTree = "<group>";
		};
/* End PBXVariantGroup section */

/* Begin XCBuildConfiguration section */
		E51556C71F5E42F100B71332 /* Debug */ = {
			isa = XCBuildConfiguration;
			buildSettings = {
				ALWAYS_SEARCH_USER_PATHS = NO;
				CLANG_ANALYZER_NONNULL = YES;
				CLANG_ANALYZER_NUMBER_OBJECT_CONVERSION = YES_AGGRESSIVE;
				CLANG_CXX_LANGUAGE_STANDARD = "gnu++0x";
				CLANG_CXX_LIBRARY = "libc++";
				CLANG_ENABLE_MODULES = YES;
				CLANG_ENABLE_OBJC_ARC = YES;
				CLANG_WARN_BOOL_CONVERSION = YES;
				CLANG_WARN_CONSTANT_CONVERSION = YES;
				CLANG_WARN_DIRECT_OBJC_ISA_USAGE = YES_ERROR;
				CLANG_WARN_DOCUMENTATION_COMMENTS = YES;
				CLANG_WARN_EMPTY_BODY = YES;
				CLANG_WARN_ENUM_CONVERSION = YES;
				CLANG_WARN_INFINITE_RECURSION = YES;
				CLANG_WARN_INT_CONVERSION = YES;
				CLANG_WARN_OBJC_ROOT_CLASS = YES_ERROR;
				CLANG_WARN_SUSPICIOUS_MOVE = YES;
				CLANG_WARN_UNREACHABLE_CODE = YES;
				CLANG_WARN__DUPLICATE_METHOD_MATCH = YES;
				"CODE_SIGN_IDENTITY[sdk=iphoneos*]" = "iPhone Developer";
				COPY_PHASE_STRIP = NO;
				DEBUG_INFORMATION_FORMAT = dwarf;
				ENABLE_STRICT_OBJC_MSGSEND = YES;
				ENABLE_TESTABILITY = YES;
				GCC_C_LANGUAGE_STANDARD = gnu99;
				GCC_DYNAMIC_NO_PIC = NO;
				GCC_NO_COMMON_BLOCKS = YES;
				GCC_OPTIMIZATION_LEVEL = 0;
				GCC_PREPROCESSOR_DEFINITIONS = (
					"DEBUG=1",
					"$(inherited)",
				);
				GCC_WARN_64_TO_32_BIT_CONVERSION = YES;
				GCC_WARN_ABOUT_RETURN_TYPE = YES_ERROR;
				GCC_WARN_UNDECLARED_SELECTOR = YES;
				GCC_WARN_UNINITIALIZED_AUTOS = YES_AGGRESSIVE;
				GCC_WARN_UNUSED_FUNCTION = YES;
				GCC_WARN_UNUSED_VARIABLE = YES;
				IPHONEOS_DEPLOYMENT_TARGET = 10.3;
				MTL_ENABLE_DEBUG_INFO = YES;
				ONLY_ACTIVE_ARCH = YES;
				SDKROOT = iphoneos;
				SWIFT_ACTIVE_COMPILATION_CONDITIONS = DEBUG;
				SWIFT_OPTIMIZATION_LEVEL = "-Onone";
			};
			name = Debug;
		};
		E51556C81F5E42F100B71332 /* Release */ = {
			isa = XCBuildConfiguration;
			buildSettings = {
				ALWAYS_SEARCH_USER_PATHS = NO;
				CLANG_ANALYZER_NONNULL = YES;
				CLANG_ANALYZER_NUMBER_OBJECT_CONVERSION = YES_AGGRESSIVE;
				CLANG_CXX_LANGUAGE_STANDARD = "gnu++0x";
				CLANG_CXX_LIBRARY = "libc++";
				CLANG_ENABLE_MODULES = YES;
				CLANG_ENABLE_OBJC_ARC = YES;
				CLANG_WARN_BOOL_CONVERSION = YES;
				CLANG_WARN_CONSTANT_CONVERSION = YES;
				CLANG_WARN_DIRECT_OBJC_ISA_USAGE = YES_ERROR;
				CLANG_WARN_DOCUMENTATION_COMMENTS = YES;
				CLANG_WARN_EMPTY_BODY = YES;
				CLANG_WARN_ENUM_CONVERSION = YES;
				CLANG_WARN_INFINITE_RECURSION = YES;
				CLANG_WARN_INT_CONVERSION = YES;
				CLANG_WARN_OBJC_ROOT_CLASS = YES_ERROR;
				CLANG_WARN_SUSPICIOUS_MOVE = YES;
				CLANG_WARN_UNREACHABLE_CODE = YES;
				CLANG_WARN__DUPLICATE_METHOD_MATCH = YES;
				"CODE_SIGN_IDENTITY[sdk=iphoneos*]" = "iPhone Developer";
				COPY_PHASE_STRIP = NO;
				DEBUG_INFORMATION_FORMAT = "dwarf-with-dsym";
				ENABLE_NS_ASSERTIONS = NO;
				ENABLE_STRICT_OBJC_MSGSEND = YES;
				GCC_C_LANGUAGE_STANDARD = gnu99;
				GCC_NO_COMMON_BLOCKS = YES;
				GCC_WARN_64_TO_32_BIT_CONVERSION = YES;
				GCC_WARN_ABOUT_RETURN_TYPE = YES_ERROR;
				GCC_WARN_UNDECLARED_SELECTOR = YES;
				GCC_WARN_UNINITIALIZED_AUTOS = YES_AGGRESSIVE;
				GCC_WARN_UNUSED_FUNCTION = YES;
				GCC_WARN_UNUSED_VARIABLE = YES;
				IPHONEOS_DEPLOYMENT_TARGET = 10.3;
				MTL_ENABLE_DEBUG_INFO = NO;
				SDKROOT = iphoneos;
				SWIFT_OPTIMIZATION_LEVEL = "-Owholemodule";
				VALIDATE_PRODUCT = YES;
			};
			name = Release;
		};
		E51556CA1F5E42F100B71332 /* Debug */ = {
			isa = XCBuildConfiguration;
			baseConfigurationReference = A6C16AEE1C57DF1FD54703E2 /* Pods-GitHubBySwift.debug.xcconfig */;
			buildSettings = {
				ASSETCATALOG_COMPILER_APPICON_NAME = AppIcon;
				DEVELOPMENT_TEAM = 8GMJ7PJ7SC;
				INFOPLIST_FILE = GitHubBySwift/Info.plist;
				LD_RUNPATH_SEARCH_PATHS = "$(inherited) @executable_path/Frameworks";
				PRODUCT_BUNDLE_IDENTIFIER = cy.GitHubBySwift;
				PRODUCT_NAME = "$(TARGET_NAME)";
				SWIFT_VERSION = 3.0;
			};
			name = Debug;
		};
		E51556CB1F5E42F100B71332 /* Release */ = {
			isa = XCBuildConfiguration;
			baseConfigurationReference = 663258E93B433D0E2DFB78C4 /* Pods-GitHubBySwift.release.xcconfig */;
			buildSettings = {
				ASSETCATALOG_COMPILER_APPICON_NAME = AppIcon;
				DEVELOPMENT_TEAM = 8GMJ7PJ7SC;
				INFOPLIST_FILE = GitHubBySwift/Info.plist;
				LD_RUNPATH_SEARCH_PATHS = "$(inherited) @executable_path/Frameworks";
				PRODUCT_BUNDLE_IDENTIFIER = cy.GitHubBySwift;
				PRODUCT_NAME = "$(TARGET_NAME)";
				SWIFT_VERSION = 3.0;
			};
			name = Release;
		};
		E51556CD1F5E42F100B71332 /* Debug */ = {
			isa = XCBuildConfiguration;
			buildSettings = {
				ALWAYS_EMBED_SWIFT_STANDARD_LIBRARIES = YES;
				BUNDLE_LOADER = "$(TEST_HOST)";
				DEVELOPMENT_TEAM = 8GMJ7PJ7SC;
				INFOPLIST_FILE = GitHubBySwiftTests/Info.plist;
				LD_RUNPATH_SEARCH_PATHS = "$(inherited) @executable_path/Frameworks @loader_path/Frameworks";
				PRODUCT_BUNDLE_IDENTIFIER = cy.GitHubBySwiftTests;
				PRODUCT_NAME = "$(TARGET_NAME)";
				SWIFT_VERSION = 3.0;
				TEST_HOST = "$(BUILT_PRODUCTS_DIR)/GitHubBySwift.app/GitHubBySwift";
			};
			name = Debug;
		};
		E51556CE1F5E42F100B71332 /* Release */ = {
			isa = XCBuildConfiguration;
			buildSettings = {
				ALWAYS_EMBED_SWIFT_STANDARD_LIBRARIES = YES;
				BUNDLE_LOADER = "$(TEST_HOST)";
				DEVELOPMENT_TEAM = 8GMJ7PJ7SC;
				INFOPLIST_FILE = GitHubBySwiftTests/Info.plist;
				LD_RUNPATH_SEARCH_PATHS = "$(inherited) @executable_path/Frameworks @loader_path/Frameworks";
				PRODUCT_BUNDLE_IDENTIFIER = cy.GitHubBySwiftTests;
				PRODUCT_NAME = "$(TARGET_NAME)";
				SWIFT_VERSION = 3.0;
				TEST_HOST = "$(BUILT_PRODUCTS_DIR)/GitHubBySwift.app/GitHubBySwift";
			};
			name = Release;
		};
/* End XCBuildConfiguration section */

/* Begin XCConfigurationList section */
		E51556A71F5E42F100B71332 /* Build configuration list for PBXProject "GitHubBySwift" */ = {
			isa = XCConfigurationList;
			buildConfigurations = (
				E51556C71F5E42F100B71332 /* Debug */,
				E51556C81F5E42F100B71332 /* Release */,
			);
			defaultConfigurationIsVisible = 0;
			defaultConfigurationName = Release;
		};
		E51556C91F5E42F100B71332 /* Build configuration list for PBXNativeTarget "GitHubBySwift" */ = {
			isa = XCConfigurationList;
			buildConfigurations = (
				E51556CA1F5E42F100B71332 /* Debug */,
				E51556CB1F5E42F100B71332 /* Release */,
			);
			defaultConfigurationIsVisible = 0;
			defaultConfigurationName = Release;
		};
		E51556CC1F5E42F100B71332 /* Build configuration list for PBXNativeTarget "GitHubBySwiftTests" */ = {
			isa = XCConfigurationList;
			buildConfigurations = (
				E51556CD1F5E42F100B71332 /* Debug */,
				E51556CE1F5E42F100B71332 /* Release */,
			);
			defaultConfigurationIsVisible = 0;
			defaultConfigurationName = Release;
		};
/* End XCConfigurationList section */
	};
	rootObject = E51556A41F5E42F100B71332 /* Project object */;
}
